
Microsoft Visual Studio Solution File, Format Version 12.00
# Visual Studio Version 16
VisualStudioVersion = 16.0.31410.357
MinimumVisualStudioVersion = 10.0.40219.1
Project("{FAE04EC0-301F-11D3-BF4B-00C04F79EFBC}") = "PdfClassification", "PdfClassification\PdfClassification.csproj", "{36A391BD-A54F-46F9-889D-E24363EA83AA}"
EndProject
Global
	GlobalSection(SolutionConfigurationPlatforms) = preSolution
		Debug|Any CPU = Debug|Any CPU
		Release|Any CPU = Release|Any CPU
	EndGlobalSection
	GlobalSection(ProjectConfigurationPlatforms) = postSolution
		{36A391BD-A54F-46F9-889D-E24363EA83AA}.Debug|Any CPU.ActiveCfg = Debug|Any CPU
		{36A391BD-A54F-46F9-889D-E24363EA83AA}.Debug|Any CPU.Build.0 = Debug|Any CPU
		{36A391BD-A54F-46F9-889D-E24363EA83AA}.Release|Any CPU.ActiveCfg = Release|Any CPU
		{36A391BD-A54F-46F9-889D-E24363EA83AA}.Release|Any CPU.Build.0 = Release|Any CPU
	EndGlobalSection
	GlobalSection(SolutionProperties) = preSolution
		HideSolutionNode = FALSE
	EndGlobalSection
	GlobalSection(ExtensibilityGlobals) = postSolution
		SolutionGuid = {4962B30E-C328-42CF-A055-5A13C68E5D57}
	EndGlobalSection
EndGlobal
